
Microsoft Visual Studio Solution File, Format Version 12.00
# Visual Studio Version 17
VisualStudioVersion = 17.5.002.0
MinimumVisualStudioVersion = 10.0.40219.1
Project("{9A19103F-16F7-4668-BE54-9A1E7A4F7556}") = "ApiTest", "ApiTest.csproj", "{E924C381-E81E-4A07-9651-788F279B4808}"
EndProject
Global
	GlobalSection(SolutionConfigurationPlatforms) = preSolution
		Debug|Any CPU = Debug|Any CPU
		Release|Any CPU = Release|Any CPU
	EndGlobalSection
	GlobalSection(ProjectConfigurationPlatforms) = postSolution
		{E924C381-E81E-4A07-9651-788F279B4808}.Debug|Any CPU.ActiveCfg = Debug|Any CPU
		{E924C381-E81E-4A07-9651-788F279B4808}.Debug|Any CPU.Build.0 = Debug|Any CPU
		{E924C381-E81E-4A07-9651-788F279B4808}.Release|Any CPU.ActiveCfg = Release|Any CPU
		{E924C381-E81E-4A07-9651-788F279B4808}.Release|Any CPU.Build.0 = Release|Any CPU
	EndGlobalSection
	GlobalSection(SolutionProperties) = preSolution
		HideSolutionNode = FALSE
	EndGlobalSection
	GlobalSection(ExtensibilityGlobals) = postSolution
		SolutionGuid = {510887BD-32A2-4687-B677-AB368204B52F}
	EndGlobalSection
EndGlobal
